
Microsoft Visual Studio Solution File, Format Version 12.00
# Visual Studio Version 17
VisualStudioVersion = 17.9.34728.123
MinimumVisualStudioVersion = 10.0.40219.1
Project("{FAE04EC0-301F-11D3-BF4B-00C04F79EFBC}") = "Uppgift14-Garage30", "Uppgift14-Garage30\Uppgift14-Garage30.csproj", "{E77B6320-901E-4BCA-9DC6-EEF9BD25372E}"
EndProject
Global
	GlobalSection(SolutionConfigurationPlatforms) = preSolution
		Debug|Any CPU = Debug|Any CPU
		Release|Any CPU = Release|Any CPU
	EndGlobalSection
	GlobalSection(ProjectConfigurationPlatforms) = postSolution
		{E77B6320-901E-4BCA-9DC6-EEF9BD25372E}.Debug|Any CPU.ActiveCfg = Debug|Any CPU
		{E77B6320-901E-4BCA-9DC6-EEF9BD25372E}.Debug|Any CPU.Build.0 = Debug|Any CPU
		{E77B6320-901E-4BCA-9DC6-EEF9BD25372E}.Release|Any CPU.ActiveCfg = Release|Any CPU
		{E77B6320-901E-4BCA-9DC6-EEF9BD25372E}.Release|Any CPU.Build.0 = Release|Any CPU
	EndGlobalSection
	GlobalSection(SolutionProperties) = preSolution
		HideSolutionNode = FALSE
	EndGlobalSection
	GlobalSection(ExtensibilityGlobals) = postSolution
		SolutionGuid = {F94E69A5-FBB9-4C12-83FB-BEF68E3CE760}
	EndGlobalSection
EndGlobal
